{
  "name": "@bundling-server-example/sdk-release",
  "version": "0.1.1",
  "lockfileVersion": 1,
  "requires": true,
  "dependencies": {
    "@bundling-server-example/advanced-button": {
      "version": "0.1.1",
      "resolved": "https://registry.npmjs.org/@bundling-server-example/advanced-button/-/advanced-button-0.1.1.tgz",
      "integrity": "sha512-qbdy0vb6Cb8S6Pa+ZB8q3ndn+CCU7DfKvLxlAZEexqSCA7TR+XMMsVvSbGcncGVRtSOu2a05PTQF11oYftqw3w==",
      "requires": {
        "@bundling-server-example/drum-sequencer": "^0.1.2"
      }
    },
    "@bundling-server-example/basic-button": {
      "version": "0.1.1",
      "resolved": "https://registry.npmjs.org/@bundling-server-example/basic-button/-/basic-button-0.1.1.tgz",
      "integrity": "sha512-cQzmUboh+gsSVlKvisXIqv8Ix2vxkcDY+nBL5riAKMtkb0nyWcF4J+F1dz4gjVy6toZdvKOk5BzhGXFAUd/DWg==",
      "requires": {
        "@bundling-server-example/drum-sequencer": "^0.1.2"
      }
    },
    "@bundling-server-example/drum-samples": {
      "version": "0.1.3",
      "resolved": "https://registry.npmjs.org/@bundling-server-example/drum-samples/-/drum-samples-0.1.3.tgz",
      "integrity": "sha512-keMy35CQuy37NbWtBEZ4aznycgT7Ij9rygYaEZmmQ3dhuVAVlbTEAgMdY8x7V6jZKhbP5ZHlk1dJw1ygGo0PQg=="
    },
    "@bundling-server-example/drum-sequencer": {
      "version": "0.1.2",
      "resolved": "https://registry.npmjs.org/@bundling-server-example/drum-sequencer/-/drum-sequencer-0.1.2.tgz",
      "integrity": "sha512-3UTXHL96N+zNSY4lXuhN2iaNQd4Kp4VX7/u82xyIL1hEAMFXz1mrV2lNZcbN9eOz2lf2DpkkoRKkqPeKSrbevQ==",
      "requires": {
        "@bundling-server-example/drum-samples": "^0.1.3"
      }
    }
  }
}
