{
  "name": "@bundling-server-example/sdk-release",
  "version": "0.1.1",
  "lockfileVersion": 1,
  "requires": true,
  "dependencies": {
    "@bundling-server-example/advanced-button": {
      "version": "0.1.0",
      "resolved": "https://registry.npmjs.org/@bundling-server-example/advanced-button/-/advanced-button-0.1.0.tgz",
      "integrity": "sha512-/50aPoi21/IxI17Js4QHBbr4vd2kV7Pu3XkLwwXNmCPnoZWoAGhaFJ0nJxWrIttS0NsaQZuTiC2uVG0fPsnhDg==",
      "requires": {
        "@bundling-server-example/drum-sequencer": "^0.1.1"
      }
    },
    "@bundling-server-example/basic-button": {
      "version": "0.1.0",
      "resolved": "https://registry.npmjs.org/@bundling-server-example/basic-button/-/basic-button-0.1.0.tgz",
      "integrity": "sha512-osdLurZbu08ap1pyr5KXzCenJxtp6kclw9afHirX3iOI0yj+jHC961kKGnMNXhEEP3/GGqGUvBm9W27YLSM4OA==",
      "requires": {
        "@bundling-server-example/drum-sequencer": "^0.1.1"
      }
    },
    "@bundling-server-example/drum-samples": {
      "version": "0.1.3",
      "resolved": "https://registry.npmjs.org/@bundling-server-example/drum-samples/-/drum-samples-0.1.3.tgz",
      "integrity": "sha512-keMy35CQuy37NbWtBEZ4aznycgT7Ij9rygYaEZmmQ3dhuVAVlbTEAgMdY8x7V6jZKhbP5ZHlk1dJw1ygGo0PQg=="
    },
    "@bundling-server-example/drum-sequencer": {
      "version": "0.1.1",
      "resolved": "https://registry.npmjs.org/@bundling-server-example/drum-sequencer/-/drum-sequencer-0.1.1.tgz",
      "integrity": "sha512-AWsS4J3B6g4aQ5vQRkovMF5XZl29Lx9hemE8hOUT5pXXkGMaDZuRDKFmT8O06a0jIVxH9/MmK2dbEwY5WBRVsA==",
      "requires": {
        "@bundling-server-example/drum-samples": "^0.1.3"
      }
    }
  }
}
